
Microsoft Visual Studio Solution File, Format Version 12.00
Project("{FAE04EC0-301F-11D3-BF4B-00C04F79EFBC}") = "AdventOfCode2020", "AdventOfCode2020\AdventOfCode2020.csproj", "{1370BE68-F83F-46FD-9A5E-74D6EBCEAE4E}"
EndProject
Project("{FAE04EC0-301F-11D3-BF4B-00C04F79EFBC}") = "Day1", "Day1\Day1.csproj", "{EA427EE0-FFEA-4B71-BEDC-D618DB9236A9}"
EndProject
Project("{FAE04EC0-301F-11D3-BF4B-00C04F79EFBC}") = "Day2", "Day2\Day2.csproj", "{6D227807-06E1-4998-9BAE-6F0223CF180C}"
EndProject
Project("{FAE04EC0-301F-11D3-BF4B-00C04F79EFBC}") = "Day3", "Day3\Day3.csproj", "{73CE0D52-6F7D-4765-B974-00572A375F67}"
EndProject
Project("{FAE04EC0-301F-11D3-BF4B-00C04F79EFBC}") = "Day4", "Day4\Day4.csproj", "{4ECAEE9B-5FD9-42D1-8E94-4709388A484B}"
EndProject
Project("{FAE04EC0-301F-11D3-BF4B-00C04F79EFBC}") = "Day5", "Day5\Day5.csproj", "{C2DA1F99-B36A-4F11-B779-BA524458FC6B}"
EndProject
Project("{FAE04EC0-301F-11D3-BF4B-00C04F79EFBC}") = "Day6", "Day6\Day6.csproj", "{FE6D6354-C1BA-4392-82B4-A5BD0A0FF812}"
EndProject
Project("{FAE04EC0-301F-11D3-BF4B-00C04F79EFBC}") = "Day7", "Day7\Day7.csproj", "{968EB66A-064E-42A8-B836-6B2986F4E8F0}"
EndProject
Project("{FAE04EC0-301F-11D3-BF4B-00C04F79EFBC}") = "Day8", "Day8\Day8.csproj", "{3CD7E10A-5953-45E5-943F-253A0AB8DB1F}"
EndProject
Project("{F2A71F9B-5D33-465A-A702-920D77279786}") = "Day4FS", "Day4FS\Day4FS.fsproj", "{0F178E72-BE69-438B-AE53-7C4096DB1837}"
EndProject
Project("{FAE04EC0-301F-11D3-BF4B-00C04F79EFBC}") = "Day9", "Day9\Day9.csproj", "{D1DF3E18-F422-43C6-904B-3D818C078E2C}"
EndProject
Project("{FAE04EC0-301F-11D3-BF4B-00C04F79EFBC}") = "Day10", "Day10\Day10.csproj", "{D423B8EB-095A-45E9-923D-FBABCBB1ECC5}"
EndProject
Project("{FAE04EC0-301F-11D3-BF4B-00C04F79EFBC}") = "Day11", "Day11\Day11.csproj", "{23B65C45-BF23-4786-B123-614D727EA825}"
EndProject
Project("{FAE04EC0-301F-11D3-BF4B-00C04F79EFBC}") = "Day12", "Day12\Day12.csproj", "{109E2DC7-E011-4360-959A-C846C47719FC}"
EndProject
Project("{FAE04EC0-301F-11D3-BF4B-00C04F79EFBC}") = "Day13", "Day13\Day13.csproj", "{04C4F5B3-87C5-4EB7-80AB-373BD976455D}"
EndProject
Project("{FAE04EC0-301F-11D3-BF4B-00C04F79EFBC}") = "Day14", "Day14\Day14.csproj", "{8081E3D3-BFDF-47A5-BB12-0F7270BD1718}"
EndProject
Project("{FAE04EC0-301F-11D3-BF4B-00C04F79EFBC}") = "Day15", "Day15\Day15.csproj", "{CC261F55-F035-415C-A9FF-70F4E7B3A877}"
EndProject
Project("{FAE04EC0-301F-11D3-BF4B-00C04F79EFBC}") = "Day16", "Day16\Day16.csproj", "{1BBFAD80-90FA-4A99-A036-E18391B26272}"
EndProject
Project("{FAE04EC0-301F-11D3-BF4B-00C04F79EFBC}") = "Day17", "Day17\Day17.csproj", "{CF703077-AF31-43A8-8772-F2EFAC718D9D}"
EndProject
Project("{FAE04EC0-301F-11D3-BF4B-00C04F79EFBC}") = "Day18", "Day18\Day18.csproj", "{F5BC0C64-CF42-44BA-91B8-DC4FF00B9F20}"
EndProject
Project("{FAE04EC0-301F-11D3-BF4B-00C04F79EFBC}") = "Day19", "Day19\Day19.csproj", "{F825DE8E-0CA6-42AF-B4D1-505AEB55D371}"
EndProject
Project("{FAE04EC0-301F-11D3-BF4B-00C04F79EFBC}") = "Day20", "Day20\Day20.csproj", "{94DF44F8-9D89-4BAE-9111-0EB17D620105}"
EndProject
Project("{FAE04EC0-301F-11D3-BF4B-00C04F79EFBC}") = "Day21", "Day21\Day21.csproj", "{EE45E8C5-3E8A-412C-8F68-EC7374713855}"
EndProject
Project("{FAE04EC0-301F-11D3-BF4B-00C04F79EFBC}") = "Day22", "Day22\Day22.csproj", "{BC53C415-F4AC-48C6-ADBA-812CBB15EA43}"
EndProject
Project("{FAE04EC0-301F-11D3-BF4B-00C04F79EFBC}") = "Day23", "Day23\Day23.csproj", "{DEB7A4ED-27BD-498D-90CC-C770B37B6A9E}"
EndProject
Project("{FAE04EC0-301F-11D3-BF4B-00C04F79EFBC}") = "Day24", "Day24\Day24.csproj", "{B0C153F8-5BD5-48C6-B5D9-D1429284A2AC}"
EndProject
Project("{FAE04EC0-301F-11D3-BF4B-00C04F79EFBC}") = "Day25", "Day25\Day25.csproj", "{79A99920-DED4-4D92-AFBA-3A99697D1160}"
EndProject
Global
	GlobalSection(SolutionConfigurationPlatforms) = preSolution
		Debug|Any CPU = Debug|Any CPU
		Release|Any CPU = Release|Any CPU
	EndGlobalSection
	GlobalSection(ProjectConfigurationPlatforms) = postSolution
		{1370BE68-F83F-46FD-9A5E-74D6EBCEAE4E}.Debug|Any CPU.ActiveCfg = Debug|Any CPU
		{1370BE68-F83F-46FD-9A5E-74D6EBCEAE4E}.Debug|Any CPU.Build.0 = Debug|Any CPU
		{1370BE68-F83F-46FD-9A5E-74D6EBCEAE4E}.Release|Any CPU.ActiveCfg = Release|Any CPU
		{1370BE68-F83F-46FD-9A5E-74D6EBCEAE4E}.Release|Any CPU.Build.0 = Release|Any CPU
		{EA427EE0-FFEA-4B71-BEDC-D618DB9236A9}.Debug|Any CPU.ActiveCfg = Debug|Any CPU
		{EA427EE0-FFEA-4B71-BEDC-D618DB9236A9}.Debug|Any CPU.Build.0 = Debug|Any CPU
		{EA427EE0-FFEA-4B71-BEDC-D618DB9236A9}.Release|Any CPU.ActiveCfg = Release|Any CPU
		{EA427EE0-FFEA-4B71-BEDC-D618DB9236A9}.Release|Any CPU.Build.0 = Release|Any CPU
		{6D227807-06E1-4998-9BAE-6F0223CF180C}.Debug|Any CPU.ActiveCfg = Debug|Any CPU
		{6D227807-06E1-4998-9BAE-6F0223CF180C}.Debug|Any CPU.Build.0 = Debug|Any CPU
		{6D227807-06E1-4998-9BAE-6F0223CF180C}.Release|Any CPU.ActiveCfg = Release|Any CPU
		{6D227807-06E1-4998-9BAE-6F0223CF180C}.Release|Any CPU.Build.0 = Release|Any CPU
		{73CE0D52-6F7D-4765-B974-00572A375F67}.Debug|Any CPU.ActiveCfg = Debug|Any CPU
		{73CE0D52-6F7D-4765-B974-00572A375F67}.Debug|Any CPU.Build.0 = Debug|Any CPU
		{73CE0D52-6F7D-4765-B974-00572A375F67}.Release|Any CPU.ActiveCfg = Release|Any CPU
		{73CE0D52-6F7D-4765-B974-00572A375F67}.Release|Any CPU.Build.0 = Release|Any CPU
		{4ECAEE9B-5FD9-42D1-8E94-4709388A484B}.Debug|Any CPU.ActiveCfg = Debug|Any CPU
		{4ECAEE9B-5FD9-42D1-8E94-4709388A484B}.Debug|Any CPU.Build.0 = Debug|Any CPU
		{4ECAEE9B-5FD9-42D1-8E94-4709388A484B}.Release|Any CPU.ActiveCfg = Release|Any CPU
		{4ECAEE9B-5FD9-42D1-8E94-4709388A484B}.Release|Any CPU.Build.0 = Release|Any CPU
		{C2DA1F99-B36A-4F11-B779-BA524458FC6B}.Debug|Any CPU.ActiveCfg = Debug|Any CPU
		{C2DA1F99-B36A-4F11-B779-BA524458FC6B}.Debug|Any CPU.Build.0 = Debug|Any CPU
		{C2DA1F99-B36A-4F11-B779-BA524458FC6B}.Release|Any CPU.ActiveCfg = Release|Any CPU
		{C2DA1F99-B36A-4F11-B779-BA524458FC6B}.Release|Any CPU.Build.0 = Release|Any CPU
		{FE6D6354-C1BA-4392-82B4-A5BD0A0FF812}.Debug|Any CPU.ActiveCfg = Debug|Any CPU
		{FE6D6354-C1BA-4392-82B4-A5BD0A0FF812}.Debug|Any CPU.Build.0 = Debug|Any CPU
		{FE6D6354-C1BA-4392-82B4-A5BD0A0FF812}.Release|Any CPU.ActiveCfg = Release|Any CPU
		{FE6D6354-C1BA-4392-82B4-A5BD0A0FF812}.Release|Any CPU.Build.0 = Release|Any CPU
		{968EB66A-064E-42A8-B836-6B2986F4E8F0}.Debug|Any CPU.ActiveCfg = Debug|Any CPU
		{968EB66A-064E-42A8-B836-6B2986F4E8F0}.Debug|Any CPU.Build.0 = Debug|Any CPU
		{968EB66A-064E-42A8-B836-6B2986F4E8F0}.Release|Any CPU.ActiveCfg = Release|Any CPU
		{968EB66A-064E-42A8-B836-6B2986F4E8F0}.Release|Any CPU.Build.0 = Release|Any CPU
		{3CD7E10A-5953-45E5-943F-253A0AB8DB1F}.Debug|Any CPU.ActiveCfg = Debug|Any CPU
		{3CD7E10A-5953-45E5-943F-253A0AB8DB1F}.Debug|Any CPU.Build.0 = Debug|Any CPU
		{3CD7E10A-5953-45E5-943F-253A0AB8DB1F}.Release|Any CPU.ActiveCfg = Release|Any CPU
		{3CD7E10A-5953-45E5-943F-253A0AB8DB1F}.Release|Any CPU.Build.0 = Release|Any CPU
		{0F178E72-BE69-438B-AE53-7C4096DB1837}.Debug|Any CPU.ActiveCfg = Debug|Any CPU
		{0F178E72-BE69-438B-AE53-7C4096DB1837}.Debug|Any CPU.Build.0 = Debug|Any CPU
		{0F178E72-BE69-438B-AE53-7C4096DB1837}.Release|Any CPU.ActiveCfg = Release|Any CPU
		{0F178E72-BE69-438B-AE53-7C4096DB1837}.Release|Any CPU.Build.0 = Release|Any CPU
		{D1DF3E18-F422-43C6-904B-3D818C078E2C}.Debug|Any CPU.ActiveCfg = Debug|Any CPU
		{D1DF3E18-F422-43C6-904B-3D818C078E2C}.Debug|Any CPU.Build.0 = Debug|Any CPU
		{D1DF3E18-F422-43C6-904B-3D818C078E2C}.Release|Any CPU.ActiveCfg = Release|Any CPU
		{D1DF3E18-F422-43C6-904B-3D818C078E2C}.Release|Any CPU.Build.0 = Release|Any CPU
		{D423B8EB-095A-45E9-923D-FBABCBB1ECC5}.Debug|Any CPU.ActiveCfg = Debug|Any CPU
		{D423B8EB-095A-45E9-923D-FBABCBB1ECC5}.Debug|Any CPU.Build.0 = Debug|Any CPU
		{D423B8EB-095A-45E9-923D-FBABCBB1ECC5}.Release|Any CPU.ActiveCfg = Release|Any CPU
		{D423B8EB-095A-45E9-923D-FBABCBB1ECC5}.Release|Any CPU.Build.0 = Release|Any CPU
		{23B65C45-BF23-4786-B123-614D727EA825}.Debug|Any CPU.ActiveCfg = Debug|Any CPU
		{23B65C45-BF23-4786-B123-614D727EA825}.Debug|Any CPU.Build.0 = Debug|Any CPU
		{23B65C45-BF23-4786-B123-614D727EA825}.Release|Any CPU.ActiveCfg = Release|Any CPU
		{23B65C45-BF23-4786-B123-614D727EA825}.Release|Any CPU.Build.0 = Release|Any CPU
		{109E2DC7-E011-4360-959A-C846C47719FC}.Debug|Any CPU.ActiveCfg = Debug|Any CPU
		{109E2DC7-E011-4360-959A-C846C47719FC}.Debug|Any CPU.Build.0 = Debug|Any CPU
		{109E2DC7-E011-4360-959A-C846C47719FC}.Release|Any CPU.ActiveCfg = Release|Any CPU
		{109E2DC7-E011-4360-959A-C846C47719FC}.Release|Any CPU.Build.0 = Release|Any CPU
		{04C4F5B3-87C5-4EB7-80AB-373BD976455D}.Debug|Any CPU.ActiveCfg = Debug|Any CPU
		{04C4F5B3-87C5-4EB7-80AB-373BD976455D}.Debug|Any CPU.Build.0 = Debug|Any CPU
		{04C4F5B3-87C5-4EB7-80AB-373BD976455D}.Release|Any CPU.ActiveCfg = Release|Any CPU
		{04C4F5B3-87C5-4EB7-80AB-373BD976455D}.Release|Any CPU.Build.0 = Release|Any CPU
		{8081E3D3-BFDF-47A5-BB12-0F7270BD1718}.Debug|Any CPU.ActiveCfg = Debug|Any CPU
		{8081E3D3-BFDF-47A5-BB12-0F7270BD1718}.Debug|Any CPU.Build.0 = Debug|Any CPU
		{8081E3D3-BFDF-47A5-BB12-0F7270BD1718}.Release|Any CPU.ActiveCfg = Release|Any CPU
		{8081E3D3-BFDF-47A5-BB12-0F7270BD1718}.Release|Any CPU.Build.0 = Release|Any CPU
		{CC261F55-F035-415C-A9FF-70F4E7B3A877}.Debug|Any CPU.ActiveCfg = Debug|Any CPU
		{CC261F55-F035-415C-A9FF-70F4E7B3A877}.Debug|Any CPU.Build.0 = Debug|Any CPU
		{CC261F55-F035-415C-A9FF-70F4E7B3A877}.Release|Any CPU.ActiveCfg = Release|Any CPU
		{CC261F55-F035-415C-A9FF-70F4E7B3A877}.Release|Any CPU.Build.0 = Release|Any CPU
		{1BBFAD80-90FA-4A99-A036-E18391B26272}.Debug|Any CPU.ActiveCfg = Debug|Any CPU
		{1BBFAD80-90FA-4A99-A036-E18391B26272}.Debug|Any CPU.Build.0 = Debug|Any CPU
		{1BBFAD80-90FA-4A99-A036-E18391B26272}.Release|Any CPU.ActiveCfg = Release|Any CPU
		{1BBFAD80-90FA-4A99-A036-E18391B26272}.Release|Any CPU.Build.0 = Release|Any CPU
		{CF703077-AF31-43A8-8772-F2EFAC718D9D}.Debug|Any CPU.ActiveCfg = Debug|Any CPU
		{CF703077-AF31-43A8-8772-F2EFAC718D9D}.Debug|Any CPU.Build.0 = Debug|Any CPU
		{CF703077-AF31-43A8-8772-F2EFAC718D9D}.Release|Any CPU.ActiveCfg = Release|Any CPU
		{CF703077-AF31-43A8-8772-F2EFAC718D9D}.Release|Any CPU.Build.0 = Release|Any CPU
		{F5BC0C64-CF42-44BA-91B8-DC4FF00B9F20}.Debug|Any CPU.ActiveCfg = Debug|Any CPU
		{F5BC0C64-CF42-44BA-91B8-DC4FF00B9F20}.Debug|Any CPU.Build.0 = Debug|Any CPU
		{F5BC0C64-CF42-44BA-91B8-DC4FF00B9F20}.Release|Any CPU.ActiveCfg = Release|Any CPU
		{F5BC0C64-CF42-44BA-91B8-DC4FF00B9F20}.Release|Any CPU.Build.0 = Release|Any CPU
		{F825DE8E-0CA6-42AF-B4D1-505AEB55D371}.Debug|Any CPU.ActiveCfg = Debug|Any CPU
		{F825DE8E-0CA6-42AF-B4D1-505AEB55D371}.Debug|Any CPU.Build.0 = Debug|Any CPU
		{F825DE8E-0CA6-42AF-B4D1-505AEB55D371}.Release|Any CPU.ActiveCfg = Release|Any CPU
		{F825DE8E-0CA6-42AF-B4D1-505AEB55D371}.Release|Any CPU.Build.0 = Release|Any CPU
		{94DF44F8-9D89-4BAE-9111-0EB17D620105}.Debug|Any CPU.ActiveCfg = Debug|Any CPU
		{94DF44F8-9D89-4BAE-9111-0EB17D620105}.Debug|Any CPU.Build.0 = Debug|Any CPU
		{94DF44F8-9D89-4BAE-9111-0EB17D620105}.Release|Any CPU.ActiveCfg = Release|Any CPU
		{94DF44F8-9D89-4BAE-9111-0EB17D620105}.Release|Any CPU.Build.0 = Release|Any CPU
		{EE45E8C5-3E8A-412C-8F68-EC7374713855}.Debug|Any CPU.ActiveCfg = Debug|Any CPU
		{EE45E8C5-3E8A-412C-8F68-EC7374713855}.Debug|Any CPU.Build.0 = Debug|Any CPU
		{EE45E8C5-3E8A-412C-8F68-EC7374713855}.Release|Any CPU.ActiveCfg = Release|Any CPU
		{EE45E8C5-3E8A-412C-8F68-EC7374713855}.Release|Any CPU.Build.0 = Release|Any CPU
		{BC53C415-F4AC-48C6-ADBA-812CBB15EA43}.Debug|Any CPU.ActiveCfg = Debug|Any CPU
		{BC53C415-F4AC-48C6-ADBA-812CBB15EA43}.Debug|Any CPU.Build.0 = Debug|Any CPU
		{BC53C415-F4AC-48C6-ADBA-812CBB15EA43}.Release|Any CPU.ActiveCfg = Release|Any CPU
		{BC53C415-F4AC-48C6-ADBA-812CBB15EA43}.Release|Any CPU.Build.0 = Release|Any CPU
		{DEB7A4ED-27BD-498D-90CC-C770B37B6A9E}.Debug|Any CPU.ActiveCfg = Debug|Any CPU
		{DEB7A4ED-27BD-498D-90CC-C770B37B6A9E}.Debug|Any CPU.Build.0 = Debug|Any CPU
		{DEB7A4ED-27BD-498D-90CC-C770B37B6A9E}.Release|Any CPU.ActiveCfg = Release|Any CPU
		{DEB7A4ED-27BD-498D-90CC-C770B37B6A9E}.Release|Any CPU.Build.0 = Release|Any CPU
		{B0C153F8-5BD5-48C6-B5D9-D1429284A2AC}.Debug|Any CPU.ActiveCfg = Debug|Any CPU
		{B0C153F8-5BD5-48C6-B5D9-D1429284A2AC}.Debug|Any CPU.Build.0 = Debug|Any CPU
		{B0C153F8-5BD5-48C6-B5D9-D1429284A2AC}.Release|Any CPU.ActiveCfg = Release|Any CPU
		{B0C153F8-5BD5-48C6-B5D9-D1429284A2AC}.Release|Any CPU.Build.0 = Release|Any CPU
		{79A99920-DED4-4D92-AFBA-3A99697D1160}.Debug|Any CPU.ActiveCfg = Debug|Any CPU
		{79A99920-DED4-4D92-AFBA-3A99697D1160}.Debug|Any CPU.Build.0 = Debug|Any CPU
		{79A99920-DED4-4D92-AFBA-3A99697D1160}.Release|Any CPU.ActiveCfg = Release|Any CPU
		{79A99920-DED4-4D92-AFBA-3A99697D1160}.Release|Any CPU.Build.0 = Release|Any CPU
	EndGlobalSection
EndGlobal
