
Microsoft Visual Studio Solution File, Format Version 12.00
Project("{FAE04EC0-301F-11D3-BF4B-00C04F79EFBC}") = "AdventOfCode2020", "AdventOfCode2020\AdventOfCode2020.csproj", "{1370BE68-F83F-46FD-9A5E-74D6EBCEAE4E}"
EndProject
Project("{FAE04EC0-301F-11D3-BF4B-00C04F79EFBC}") = "Day1", "Day1\Day1.csproj", "{EA427EE0-FFEA-4B71-BEDC-D618DB9236A9}"
EndProject
Project("{FAE04EC0-301F-11D3-BF4B-00C04F79EFBC}") = "Day2", "Day2\Day2.csproj", "{6D227807-06E1-4998-9BAE-6F0223CF180C}"
EndProject
Project("{FAE04EC0-301F-11D3-BF4B-00C04F79EFBC}") = "Day3", "Day3\Day3.csproj", "{73CE0D52-6F7D-4765-B974-00572A375F67}"
EndProject
Project("{FAE04EC0-301F-11D3-BF4B-00C04F79EFBC}") = "Day4", "Day4\Day4.csproj", "{4ECAEE9B-5FD9-42D1-8E94-4709388A484B}"
EndProject
Project("{FAE04EC0-301F-11D3-BF4B-00C04F79EFBC}") = "Day5", "Day5\Day5.csproj", "{C2DA1F99-B36A-4F11-B779-BA524458FC6B}"
EndProject
Project("{FAE04EC0-301F-11D3-BF4B-00C04F79EFBC}") = "Day6", "Day6\Day6.csproj", "{FE6D6354-C1BA-4392-82B4-A5BD0A0FF812}"
EndProject
Project("{FAE04EC0-301F-11D3-BF4B-00C04F79EFBC}") = "Day7", "Day7\Day7.csproj", "{968EB66A-064E-42A8-B836-6B2986F4E8F0}"
EndProject
Global
	GlobalSection(SolutionConfigurationPlatforms) = preSolution
		Debug|Any CPU = Debug|Any CPU
		Release|Any CPU = Release|Any CPU
	EndGlobalSection
	GlobalSection(ProjectConfigurationPlatforms) = postSolution
		{1370BE68-F83F-46FD-9A5E-74D6EBCEAE4E}.Debug|Any CPU.ActiveCfg = Debug|Any CPU
		{1370BE68-F83F-46FD-9A5E-74D6EBCEAE4E}.Debug|Any CPU.Build.0 = Debug|Any CPU
		{1370BE68-F83F-46FD-9A5E-74D6EBCEAE4E}.Release|Any CPU.ActiveCfg = Release|Any CPU
		{1370BE68-F83F-46FD-9A5E-74D6EBCEAE4E}.Release|Any CPU.Build.0 = Release|Any CPU
		{EA427EE0-FFEA-4B71-BEDC-D618DB9236A9}.Debug|Any CPU.ActiveCfg = Debug|Any CPU
		{EA427EE0-FFEA-4B71-BEDC-D618DB9236A9}.Debug|Any CPU.Build.0 = Debug|Any CPU
		{EA427EE0-FFEA-4B71-BEDC-D618DB9236A9}.Release|Any CPU.ActiveCfg = Release|Any CPU
		{EA427EE0-FFEA-4B71-BEDC-D618DB9236A9}.Release|Any CPU.Build.0 = Release|Any CPU
		{6D227807-06E1-4998-9BAE-6F0223CF180C}.Debug|Any CPU.ActiveCfg = Debug|Any CPU
		{6D227807-06E1-4998-9BAE-6F0223CF180C}.Debug|Any CPU.Build.0 = Debug|Any CPU
		{6D227807-06E1-4998-9BAE-6F0223CF180C}.Release|Any CPU.ActiveCfg = Release|Any CPU
		{6D227807-06E1-4998-9BAE-6F0223CF180C}.Release|Any CPU.Build.0 = Release|Any CPU
		{73CE0D52-6F7D-4765-B974-00572A375F67}.Debug|Any CPU.ActiveCfg = Debug|Any CPU
		{73CE0D52-6F7D-4765-B974-00572A375F67}.Debug|Any CPU.Build.0 = Debug|Any CPU
		{73CE0D52-6F7D-4765-B974-00572A375F67}.Release|Any CPU.ActiveCfg = Release|Any CPU
		{73CE0D52-6F7D-4765-B974-00572A375F67}.Release|Any CPU.Build.0 = Release|Any CPU
		{4ECAEE9B-5FD9-42D1-8E94-4709388A484B}.Debug|Any CPU.ActiveCfg = Debug|Any CPU
		{4ECAEE9B-5FD9-42D1-8E94-4709388A484B}.Debug|Any CPU.Build.0 = Debug|Any CPU
		{4ECAEE9B-5FD9-42D1-8E94-4709388A484B}.Release|Any CPU.ActiveCfg = Release|Any CPU
		{4ECAEE9B-5FD9-42D1-8E94-4709388A484B}.Release|Any CPU.Build.0 = Release|Any CPU
		{C2DA1F99-B36A-4F11-B779-BA524458FC6B}.Debug|Any CPU.ActiveCfg = Debug|Any CPU
		{C2DA1F99-B36A-4F11-B779-BA524458FC6B}.Debug|Any CPU.Build.0 = Debug|Any CPU
		{C2DA1F99-B36A-4F11-B779-BA524458FC6B}.Release|Any CPU.ActiveCfg = Release|Any CPU
		{C2DA1F99-B36A-4F11-B779-BA524458FC6B}.Release|Any CPU.Build.0 = Release|Any CPU
		{FE6D6354-C1BA-4392-82B4-A5BD0A0FF812}.Debug|Any CPU.ActiveCfg = Debug|Any CPU
		{FE6D6354-C1BA-4392-82B4-A5BD0A0FF812}.Debug|Any CPU.Build.0 = Debug|Any CPU
		{FE6D6354-C1BA-4392-82B4-A5BD0A0FF812}.Release|Any CPU.ActiveCfg = Release|Any CPU
		{FE6D6354-C1BA-4392-82B4-A5BD0A0FF812}.Release|Any CPU.Build.0 = Release|Any CPU
		{968EB66A-064E-42A8-B836-6B2986F4E8F0}.Debug|Any CPU.ActiveCfg = Debug|Any CPU
		{968EB66A-064E-42A8-B836-6B2986F4E8F0}.Debug|Any CPU.Build.0 = Debug|Any CPU
		{968EB66A-064E-42A8-B836-6B2986F4E8F0}.Release|Any CPU.ActiveCfg = Release|Any CPU
		{968EB66A-064E-42A8-B836-6B2986F4E8F0}.Release|Any CPU.Build.0 = Release|Any CPU
	EndGlobalSection
EndGlobal
